
Microsoft Visual Studio Solution File, Format Version 12.00
# Visual Studio Version 17
VisualStudioVersion = 17.6.33815.320
MinimumVisualStudioVersion = 10.0.40219.1
Project("{FAE04EC0-301F-11D3-BF4B-00C04F79EFBC}") = "BudgetAppIntermediate", "BudgetAppIntermediate\BudgetAppIntermediate.csproj", "{3D6F3C18-8906-4E2F-92C2-2F943E6D4832}"
EndProject
Global
	GlobalSection(SolutionConfigurationPlatforms) = preSolution
		Debug|Any CPU = Debug|Any CPU
		Release|Any CPU = Release|Any CPU
	EndGlobalSection
	GlobalSection(ProjectConfigurationPlatforms) = postSolution
		{3D6F3C18-8906-4E2F-92C2-2F943E6D4832}.Debug|Any CPU.ActiveCfg = Debug|Any CPU
		{3D6F3C18-8906-4E2F-92C2-2F943E6D4832}.Debug|Any CPU.Build.0 = Debug|Any CPU
		{3D6F3C18-8906-4E2F-92C2-2F943E6D4832}.Release|Any CPU.ActiveCfg = Release|Any CPU
		{3D6F3C18-8906-4E2F-92C2-2F943E6D4832}.Release|Any CPU.Build.0 = Release|Any CPU
	EndGlobalSection
	GlobalSection(SolutionProperties) = preSolution
		HideSolutionNode = FALSE
	EndGlobalSection
	GlobalSection(ExtensibilityGlobals) = postSolution
		SolutionGuid = {721EE453-3632-4D5D-BBEE-9216952DE379}
	EndGlobalSection
EndGlobal
